// !$*UTF8*$!
{
	archiveVersion = 1;
	classes = {
	};
	objectVersion = 55;
	objects = {

/* Begin PBXBuildFile section */
		F112166E2816C51F00B8A8FE /* APICaller.swift in Sources */ = {isa = PBXBuildFile; fileRef = F112166D2816C51F00B8A8FE /* APICaller.swift */; };
		F1182DEB2816CBC600E55E2F /* Content.swift in Sources */ = {isa = PBXBuildFile; fileRef = F1182DEA2816CBC600E55E2F /* Content.swift */; };
		F1182DEF2818296600E55E2F /* TitleCollectionViewCell.swift in Sources */ = {isa = PBXBuildFile; fileRef = F1182DEE2818296600E55E2F /* TitleCollectionViewCell.swift */; };
		F1182DF228182A0300E55E2F /* SDWebImage in Frameworks */ = {isa = PBXBuildFile; productRef = F1182DF128182A0300E55E2F /* SDWebImage */; };
		F1182DF528182A1600E55E2F /* SDWebImage in Frameworks */ = {isa = PBXBuildFile; productRef = F1182DF428182A1600E55E2F /* SDWebImage */; };
		F1182DF728182A1600E55E2F /* SDWebImageMapKit in Frameworks */ = {isa = PBXBuildFile; productRef = F1182DF628182A1600E55E2F /* SDWebImageMapKit */; };
		F1398F4428006F5400AEDD27 /* CollectionViewTableViewCell.swift in Sources */ = {isa = PBXBuildFile; fileRef = F1398F4328006F5400AEDD27 /* CollectionViewTableViewCell.swift */; };
		F1398F462816984F00AEDD27 /* HeroHeaderUIView.swift in Sources */ = {isa = PBXBuildFile; fileRef = F1398F452816984F00AEDD27 /* HeroHeaderUIView.swift */; };
		F1398F482816A53300AEDD27 /* Extensions.swift in Sources */ = {isa = PBXBuildFile; fileRef = F1398F472816A53300AEDD27 /* Extensions.swift */; };
		F1D8C3C228004266009DC92E /* AppDelegate.swift in Sources */ = {isa = PBXBuildFile; fileRef = F1D8C3C128004266009DC92E /* AppDelegate.swift */; };
		F1D8C3C428004266009DC92E /* SceneDelegate.swift in Sources */ = {isa = PBXBuildFile; fileRef = F1D8C3C328004266009DC92E /* SceneDelegate.swift */; };
		F1D8C3C628004266009DC92E /* MainTabBarViewController.swift in Sources */ = {isa = PBXBuildFile; fileRef = F1D8C3C528004266009DC92E /* MainTabBarViewController.swift */; };
		F1D8C3CB28004268009DC92E /* Assets.xcassets in Resources */ = {isa = PBXBuildFile; fileRef = F1D8C3CA28004268009DC92E /* Assets.xcassets */; };
		F1D8C3CE28004268009DC92E /* LaunchScreen.storyboard in Resources */ = {isa = PBXBuildFile; fileRef = F1D8C3CC28004268009DC92E /* LaunchScreen.storyboard */; };
		F1D8C3D8280047F5009DC92E /* HomeViewController.swift in Sources */ = {isa = PBXBuildFile; fileRef = F1D8C3D7280047F5009DC92E /* HomeViewController.swift */; };
		F1D8C3DA28004818009DC92E /* NewAndHotViewController.swift in Sources */ = {isa = PBXBuildFile; fileRef = F1D8C3D928004818009DC92E /* NewAndHotViewController.swift */; };
		F1D8C3DC28004823009DC92E /* SearchViewController.swift in Sources */ = {isa = PBXBuildFile; fileRef = F1D8C3DB28004823009DC92E /* SearchViewController.swift */; };
		F1D8C3DE2800482B009DC92E /* DownloadsViewController.swift in Sources */ = {isa = PBXBuildFile; fileRef = F1D8C3DD2800482B009DC92E /* DownloadsViewController.swift */; };
/* End PBXBuildFile section */

/* Begin PBXFileReference section */
		F112166D2816C51F00B8A8FE /* APICaller.swift */ = {isa = PBXFileReference; lastKnownFileType = sourcecode.swift; path = APICaller.swift; sourceTree = "<group>"; };
		F1182DEA2816CBC600E55E2F /* Content.swift */ = {isa = PBXFileReference; lastKnownFileType = sourcecode.swift; path = Content.swift; sourceTree = "<group>"; };
		F1182DEE2818296600E55E2F /* TitleCollectionViewCell.swift */ = {isa = PBXFileReference; lastKnownFileType = sourcecode.swift; path = TitleCollectionViewCell.swift; sourceTree = "<group>"; };
		F1398F4328006F5400AEDD27 /* CollectionViewTableViewCell.swift */ = {isa = PBXFileReference; lastKnownFileType = sourcecode.swift; path = CollectionViewTableViewCell.swift; sourceTree = "<group>"; };
		F1398F452816984F00AEDD27 /* HeroHeaderUIView.swift */ = {isa = PBXFileReference; lastKnownFileType = sourcecode.swift; path = HeroHeaderUIView.swift; sourceTree = "<group>"; };
		F1398F472816A53300AEDD27 /* Extensions.swift */ = {isa = PBXFileReference; lastKnownFileType = sourcecode.swift; path = Extensions.swift; sourceTree = "<group>"; };
		F1D8C3BE28004266009DC92E /* NetflixClone.app */ = {isa = PBXFileReference; explicitFileType = wrapper.application; includeInIndex = 0; path = NetflixClone.app; sourceTree = BUILT_PRODUCTS_DIR; };
		F1D8C3C128004266009DC92E /* AppDelegate.swift */ = {isa = PBXFileReference; lastKnownFileType = sourcecode.swift; path = AppDelegate.swift; sourceTree = "<group>"; };
		F1D8C3C328004266009DC92E /* SceneDelegate.swift */ = {isa = PBXFileReference; lastKnownFileType = sourcecode.swift; path = SceneDelegate.swift; sourceTree = "<group>"; };
		F1D8C3C528004266009DC92E /* MainTabBarViewController.swift */ = {isa = PBXFileReference; lastKnownFileType = sourcecode.swift; path = MainTabBarViewController.swift; sourceTree = "<group>"; };
		F1D8C3CA28004268009DC92E /* Assets.xcassets */ = {isa = PBXFileReference; lastKnownFileType = folder.assetcatalog; path = Assets.xcassets; sourceTree = "<group>"; };
		F1D8C3CD28004268009DC92E /* Base */ = {isa = PBXFileReference; lastKnownFileType = file.storyboard; name = Base; path = Base.lproj/LaunchScreen.storyboard; sourceTree = "<group>"; };
		F1D8C3CF28004268009DC92E /* Info.plist */ = {isa = PBXFileReference; lastKnownFileType = text.plist.xml; path = Info.plist; sourceTree = "<group>"; };
		F1D8C3D7280047F5009DC92E /* HomeViewController.swift */ = {isa = PBXFileReference; lastKnownFileType = sourcecode.swift; path = HomeViewController.swift; sourceTree = "<group>"; };
		F1D8C3D928004818009DC92E /* NewAndHotViewController.swift */ = {isa = PBXFileReference; lastKnownFileType = sourcecode.swift; path = NewAndHotViewController.swift; sourceTree = "<group>"; };
		F1D8C3DB28004823009DC92E /* SearchViewController.swift */ = {isa = PBXFileReference; lastKnownFileType = sourcecode.swift; path = SearchViewController.swift; sourceTree = "<group>"; };
		F1D8C3DD2800482B009DC92E /* DownloadsViewController.swift */ = {isa = PBXFileReference; lastKnownFileType = sourcecode.swift; path = DownloadsViewController.swift; sourceTree = "<group>"; };
/* End PBXFileReference section */

/* Begin PBXFrameworksBuildPhase section */
		F1D8C3BB28004266009DC92E /* Frameworks */ = {
			isa = PBXFrameworksBuildPhase;
			buildActionMask = 2147483647;
			files = (
				F1182DF528182A1600E55E2F /* SDWebImage in Frameworks */,
				F1182DF728182A1600E55E2F /* SDWebImageMapKit in Frameworks */,
				F1182DF228182A0300E55E2F /* SDWebImage in Frameworks */,
			);
			runOnlyForDeploymentPostprocessing = 0;
		};
/* End PBXFrameworksBuildPhase section */

/* Begin PBXGroup section */
		F1398F3E28006EEF00AEDD27 /* Views */ = {
			isa = PBXGroup;
			children = (
				F1398F4328006F5400AEDD27 /* CollectionViewTableViewCell.swift */,
				F1398F452816984F00AEDD27 /* HeroHeaderUIView.swift */,
				F1182DEE2818296600E55E2F /* TitleCollectionViewCell.swift */,
			);
			path = Views;
			sourceTree = "<group>";
		};
		F1398F3F28006EFA00AEDD27 /* ViewModels */ = {
			isa = PBXGroup;
			children = (
			);
			path = ViewModels;
			sourceTree = "<group>";
		};
		F1398F4028006F0900AEDD27 /* Models */ = {
			isa = PBXGroup;
			children = (
				F1182DEA2816CBC600E55E2F /* Content.swift */,
			);
			path = Models;
			sourceTree = "<group>";
		};
		F1398F4128006F2800AEDD27 /* Managers */ = {
			isa = PBXGroup;
			children = (
				F112166D2816C51F00B8A8FE /* APICaller.swift */,
			);
			path = Managers;
			sourceTree = "<group>";
		};
		F1398F4228006F2D00AEDD27 /* Utils */ = {
			isa = PBXGroup;
			children = (
				F1398F472816A53300AEDD27 /* Extensions.swift */,
			);
			path = Utils;
			sourceTree = "<group>";
		};
		F1D8C3B528004266009DC92E = {
			isa = PBXGroup;
			children = (
				F1D8C3C028004266009DC92E /* NetflixClone */,
				F1D8C3BF28004266009DC92E /* Products */,
			);
			sourceTree = "<group>";
		};
		F1D8C3BF28004266009DC92E /* Products */ = {
			isa = PBXGroup;
			children = (
				F1D8C3BE28004266009DC92E /* NetflixClone.app */,
			);
			name = Products;
			sourceTree = "<group>";
		};
		F1D8C3C028004266009DC92E /* NetflixClone */ = {
			isa = PBXGroup;
			children = (
				F1398F4228006F2D00AEDD27 /* Utils */,
				F1398F4128006F2800AEDD27 /* Managers */,
				F1398F4028006F0900AEDD27 /* Models */,
				F1398F3F28006EFA00AEDD27 /* ViewModels */,
				F1398F3E28006EEF00AEDD27 /* Views */,
				F1D8C3D6280047E2009DC92E /* ViewControllers */,
				F1D8C3C128004266009DC92E /* AppDelegate.swift */,
				F1D8C3C328004266009DC92E /* SceneDelegate.swift */,
				F1D8C3C528004266009DC92E /* MainTabBarViewController.swift */,
				F1D8C3CA28004268009DC92E /* Assets.xcassets */,
				F1D8C3CC28004268009DC92E /* LaunchScreen.storyboard */,
				F1D8C3CF28004268009DC92E /* Info.plist */,
			);
			path = NetflixClone;
			sourceTree = "<group>";
		};
		F1D8C3D6280047E2009DC92E /* ViewControllers */ = {
			isa = PBXGroup;
			children = (
				F1D8C3D7280047F5009DC92E /* HomeViewController.swift */,
				F1D8C3D928004818009DC92E /* NewAndHotViewController.swift */,
				F1D8C3DB28004823009DC92E /* SearchViewController.swift */,
				F1D8C3DD2800482B009DC92E /* DownloadsViewController.swift */,
			);
			path = ViewControllers;
			sourceTree = "<group>";
		};
/* End PBXGroup section */

/* Begin PBXNativeTarget section */
		F1D8C3BD28004266009DC92E /* NetflixClone */ = {
			isa = PBXNativeTarget;
			buildConfigurationList = F1D8C3D228004268009DC92E /* Build configuration list for PBXNativeTarget "NetflixClone" */;
			buildPhases = (
				F1D8C3BA28004266009DC92E /* Sources */,
				F1D8C3BB28004266009DC92E /* Frameworks */,
				F1D8C3BC28004266009DC92E /* Resources */,
			);
			buildRules = (
			);
			dependencies = (
			);
			name = NetflixClone;
			packageProductDependencies = (
				F1182DF128182A0300E55E2F /* SDWebImage */,
				F1182DF428182A1600E55E2F /* SDWebImage */,
				F1182DF628182A1600E55E2F /* SDWebImageMapKit */,
			);
			productName = NetflixClone;
			productReference = F1D8C3BE28004266009DC92E /* NetflixClone.app */;
			productType = "com.apple.product-type.application";
		};
/* End PBXNativeTarget section */

/* Begin PBXProject section */
		F1D8C3B628004266009DC92E /* Project object */ = {
			isa = PBXProject;
			attributes = {
				BuildIndependentTargetsInParallel = 1;
				LastSwiftUpdateCheck = 1330;
				LastUpgradeCheck = 1330;
				TargetAttributes = {
					F1D8C3BD28004266009DC92E = {
						CreatedOnToolsVersion = 13.3;
					};
				};
			};
			buildConfigurationList = F1D8C3B928004266009DC92E /* Build configuration list for PBXProject "NetflixClone" */;
			compatibilityVersion = "Xcode 13.0";
			developmentRegion = en;
			hasScannedForEncodings = 0;
			knownRegions = (
				en,
				Base,
			);
			mainGroup = F1D8C3B528004266009DC92E;
			packageReferences = (
				F1182DF028182A0300E55E2F /* XCRemoteSwiftPackageReference "SDWebImage" */,
				F1182DF328182A1600E55E2F /* XCRemoteSwiftPackageReference "SDWebImage" */,
			);
			productRefGroup = F1D8C3BF28004266009DC92E /* Products */;
			projectDirPath = "";
			projectRoot = "";
			targets = (
				F1D8C3BD28004266009DC92E /* NetflixClone */,
			);
		};
/* End PBXProject section */

/* Begin PBXResourcesBuildPhase section */
		F1D8C3BC28004266009DC92E /* Resources */ = {
			isa = PBXResourcesBuildPhase;
			buildActionMask = 2147483647;
			files = (
				F1D8C3CE28004268009DC92E /* LaunchScreen.storyboard in Resources */,
				F1D8C3CB28004268009DC92E /* Assets.xcassets in Resources */,
			);
			runOnlyForDeploymentPostprocessing = 0;
		};
/* End PBXResourcesBuildPhase section */

/* Begin PBXSourcesBuildPhase section */
		F1D8C3BA28004266009DC92E /* Sources */ = {
			isa = PBXSourcesBuildPhase;
			buildActionMask = 2147483647;
			files = (
				F1D8C3DC28004823009DC92E /* SearchViewController.swift in Sources */,
				F1182DEF2818296600E55E2F /* TitleCollectionViewCell.swift in Sources */,
				F1D8C3C628004266009DC92E /* MainTabBarViewController.swift in Sources */,
				F1182DEB2816CBC600E55E2F /* Content.swift in Sources */,
				F1398F4428006F5400AEDD27 /* CollectionViewTableViewCell.swift in Sources */,
				F1398F462816984F00AEDD27 /* HeroHeaderUIView.swift in Sources */,
				F1D8C3DE2800482B009DC92E /* DownloadsViewController.swift in Sources */,
				F1398F482816A53300AEDD27 /* Extensions.swift in Sources */,
				F1D8C3DA28004818009DC92E /* NewAndHotViewController.swift in Sources */,
				F1D8C3C228004266009DC92E /* AppDelegate.swift in Sources */,
				F112166E2816C51F00B8A8FE /* APICaller.swift in Sources */,
				F1D8C3C428004266009DC92E /* SceneDelegate.swift in Sources */,
				F1D8C3D8280047F5009DC92E /* HomeViewController.swift in Sources */,
			);
			runOnlyForDeploymentPostprocessing = 0;
		};
/* End PBXSourcesBuildPhase section */

/* Begin PBXVariantGroup section */
		F1D8C3CC28004268009DC92E /* LaunchScreen.storyboard */ = {
			isa = PBXVariantGroup;
			children = (
				F1D8C3CD28004268009DC92E /* Base */,
			);
			name = LaunchScreen.storyboard;
			sourceTree = "<group>";
		};
/* End PBXVariantGroup section */

/* Begin XCBuildConfiguration section */
		F1D8C3D028004268009DC92E /* Debug */ = {
			isa = XCBuildConfiguration;
			buildSettings = {
				ALWAYS_SEARCH_USER_PATHS = NO;
				CLANG_ANALYZER_NONNULL = YES;
				CLANG_ANALYZER_NUMBER_OBJECT_CONVERSION = YES_AGGRESSIVE;
				CLANG_CXX_LANGUAGE_STANDARD = "gnu++17";
				CLANG_ENABLE_MODULES = YES;
				CLANG_ENABLE_OBJC_ARC = YES;
				CLANG_ENABLE_OBJC_WEAK = YES;
				CLANG_WARN_BLOCK_CAPTURE_AUTORELEASING = YES;
				CLANG_WARN_BOOL_CONVERSION = YES;
				CLANG_WARN_COMMA = YES;
				CLANG_WARN_CONSTANT_CONVERSION = YES;
				CLANG_WARN_DEPRECATED_OBJC_IMPLEMENTATIONS = YES;
				CLANG_WARN_DIRECT_OBJC_ISA_USAGE = YES_ERROR;
				CLANG_WARN_DOCUMENTATION_COMMENTS = YES;
				CLANG_WARN_EMPTY_BODY = YES;
				CLANG_WARN_ENUM_CONVERSION = YES;
				CLANG_WARN_INFINITE_RECURSION = YES;
				CLANG_WARN_INT_CONVERSION = YES;
				CLANG_WARN_NON_LITERAL_NULL_CONVERSION = YES;
				CLANG_WARN_OBJC_IMPLICIT_RETAIN_SELF = YES;
				CLANG_WARN_OBJC_LITERAL_CONVERSION = YES;
				CLANG_WARN_OBJC_ROOT_CLASS = YES_ERROR;
				CLANG_WARN_QUOTED_INCLUDE_IN_FRAMEWORK_HEADER = YES;
				CLANG_WARN_RANGE_LOOP_ANALYSIS = YES;
				CLANG_WARN_STRICT_PROTOTYPES = YES;
				CLANG_WARN_SUSPICIOUS_MOVE = YES;
				CLANG_WARN_UNGUARDED_AVAILABILITY = YES_AGGRESSIVE;
				CLANG_WARN_UNREACHABLE_CODE = YES;
				CLANG_WARN__DUPLICATE_METHOD_MATCH = YES;
				COPY_PHASE_STRIP = NO;
				DEBUG_INFORMATION_FORMAT = dwarf;
				ENABLE_STRICT_OBJC_MSGSEND = YES;
				ENABLE_TESTABILITY = YES;
				GCC_C_LANGUAGE_STANDARD = gnu11;
				GCC_DYNAMIC_NO_PIC = NO;
				GCC_NO_COMMON_BLOCKS = YES;
				GCC_OPTIMIZATION_LEVEL = 0;
				GCC_PREPROCESSOR_DEFINITIONS = (
					"DEBUG=1",
					"$(inherited)",
				);
				GCC_WARN_64_TO_32_BIT_CONVERSION = YES;
				GCC_WARN_ABOUT_RETURN_TYPE = YES_ERROR;
				GCC_WARN_UNDECLARED_SELECTOR = YES;
				GCC_WARN_UNINITIALIZED_AUTOS = YES_AGGRESSIVE;
				GCC_WARN_UNUSED_FUNCTION = YES;
				GCC_WARN_UNUSED_VARIABLE = YES;
				IPHONEOS_DEPLOYMENT_TARGET = 15.4;
				MTL_ENABLE_DEBUG_INFO = INCLUDE_SOURCE;
				MTL_FAST_MATH = YES;
				ONLY_ACTIVE_ARCH = YES;
				SDKROOT = iphoneos;
				SWIFT_ACTIVE_COMPILATION_CONDITIONS = DEBUG;
				SWIFT_OPTIMIZATION_LEVEL = "-Onone";
			};
			name = Debug;
		};
		F1D8C3D128004268009DC92E /* Release */ = {
			isa = XCBuildConfiguration;
			buildSettings = {
				ALWAYS_SEARCH_USER_PATHS = NO;
				CLANG_ANALYZER_NONNULL = YES;
				CLANG_ANALYZER_NUMBER_OBJECT_CONVERSION = YES_AGGRESSIVE;
				CLANG_CXX_LANGUAGE_STANDARD = "gnu++17";
				CLANG_ENABLE_MODULES = YES;
				CLANG_ENABLE_OBJC_ARC = YES;
				CLANG_ENABLE_OBJC_WEAK = YES;
				CLANG_WARN_BLOCK_CAPTURE_AUTORELEASING = YES;
				CLANG_WARN_BOOL_CONVERSION = YES;
				CLANG_WARN_COMMA = YES;
				CLANG_WARN_CONSTANT_CONVERSION = YES;
				CLANG_WARN_DEPRECATED_OBJC_IMPLEMENTATIONS = YES;
				CLANG_WARN_DIRECT_OBJC_ISA_USAGE = YES_ERROR;
				CLANG_WARN_DOCUMENTATION_COMMENTS = YES;
				CLANG_WARN_EMPTY_BODY = YES;
				CLANG_WARN_ENUM_CONVERSION = YES;
				CLANG_WARN_INFINITE_RECURSION = YES;
				CLANG_WARN_INT_CONVERSION = YES;
				CLANG_WARN_NON_LITERAL_NULL_CONVERSION = YES;
				CLANG_WARN_OBJC_IMPLICIT_RETAIN_SELF = YES;
				CLANG_WARN_OBJC_LITERAL_CONVERSION = YES;
				CLANG_WARN_OBJC_ROOT_CLASS = YES_ERROR;
				CLANG_WARN_QUOTED_INCLUDE_IN_FRAMEWORK_HEADER = YES;
				CLANG_WARN_RANGE_LOOP_ANALYSIS = YES;
				CLANG_WARN_STRICT_PROTOTYPES = YES;
				CLANG_WARN_SUSPICIOUS_MOVE = YES;
				CLANG_WARN_UNGUARDED_AVAILABILITY = YES_AGGRESSIVE;
				CLANG_WARN_UNREACHABLE_CODE = YES;
				CLANG_WARN__DUPLICATE_METHOD_MATCH = YES;
				COPY_PHASE_STRIP = NO;
				DEBUG_INFORMATION_FORMAT = "dwarf-with-dsym";
				ENABLE_NS_ASSERTIONS = NO;
				ENABLE_STRICT_OBJC_MSGSEND = YES;
				GCC_C_LANGUAGE_STANDARD = gnu11;
				GCC_NO_COMMON_BLOCKS = YES;
				GCC_WARN_64_TO_32_BIT_CONVERSION = YES;
				GCC_WARN_ABOUT_RETURN_TYPE = YES_ERROR;
				GCC_WARN_UNDECLARED_SELECTOR = YES;
				GCC_WARN_UNINITIALIZED_AUTOS = YES_AGGRESSIVE;
				GCC_WARN_UNUSED_FUNCTION = YES;
				GCC_WARN_UNUSED_VARIABLE = YES;
				IPHONEOS_DEPLOYMENT_TARGET = 15.4;
				MTL_ENABLE_DEBUG_INFO = NO;
				MTL_FAST_MATH = YES;
				SDKROOT = iphoneos;
				SWIFT_COMPILATION_MODE = wholemodule;
				SWIFT_OPTIMIZATION_LEVEL = "-O";
				VALIDATE_PRODUCT = YES;
			};
			name = Release;
		};
		F1D8C3D328004268009DC92E /* Debug */ = {
			isa = XCBuildConfiguration;
			buildSettings = {
				ASSETCATALOG_COMPILER_APPICON_NAME = AppIcon;
				ASSETCATALOG_COMPILER_GLOBAL_ACCENT_COLOR_NAME = AccentColor;
				CODE_SIGN_STYLE = Automatic;
				CURRENT_PROJECT_VERSION = 1;
				DEVELOPMENT_TEAM = 9H9XD4TQ9V;
				GENERATE_INFOPLIST_FILE = YES;
				INFOPLIST_FILE = NetflixClone/Info.plist;
				INFOPLIST_KEY_UIApplicationSupportsIndirectInputEvents = YES;
				INFOPLIST_KEY_UILaunchStoryboardName = LaunchScreen;
				INFOPLIST_KEY_UISupportedInterfaceOrientations_iPad = "UIInterfaceOrientationPortrait UIInterfaceOrientationPortraitUpsideDown UIInterfaceOrientationLandscapeLeft UIInterfaceOrientationLandscapeRight";
				INFOPLIST_KEY_UISupportedInterfaceOrientations_iPhone = "UIInterfaceOrientationPortrait UIInterfaceOrientationLandscapeLeft UIInterfaceOrientationLandscapeRight";
				LD_RUNPATH_SEARCH_PATHS = (
					"$(inherited)",
					"@executable_path/Frameworks",
				);
				MARKETING_VERSION = 1.0;
				PRODUCT_BUNDLE_IDENTIFIER = com.deneroddev.NetflixClone;
				PRODUCT_NAME = "$(TARGET_NAME)";
				SWIFT_EMIT_LOC_STRINGS = YES;
				SWIFT_VERSION = 5.0;
				TARGETED_DEVICE_FAMILY = "1,2";
			};
			name = Debug;
		};
		F1D8C3D428004268009DC92E /* Release */ = {
			isa = XCBuildConfiguration;
			buildSettings = {
				ASSETCATALOG_COMPILER_APPICON_NAME = AppIcon;
				ASSETCATALOG_COMPILER_GLOBAL_ACCENT_COLOR_NAME = AccentColor;
				CODE_SIGN_STYLE = Automatic;
				CURRENT_PROJECT_VERSION = 1;
				DEVELOPMENT_TEAM = 9H9XD4TQ9V;
				GENERATE_INFOPLIST_FILE = YES;
				INFOPLIST_FILE = NetflixClone/Info.plist;
				INFOPLIST_KEY_UIApplicationSupportsIndirectInputEvents = YES;
				INFOPLIST_KEY_UILaunchStoryboardName = LaunchScreen;
				INFOPLIST_KEY_UISupportedInterfaceOrientations_iPad = "UIInterfaceOrientationPortrait UIInterfaceOrientationPortraitUpsideDown UIInterfaceOrientationLandscapeLeft UIInterfaceOrientationLandscapeRight";
				INFOPLIST_KEY_UISupportedInterfaceOrientations_iPhone = "UIInterfaceOrientationPortrait UIInterfaceOrientationLandscapeLeft UIInterfaceOrientationLandscapeRight";
				LD_RUNPATH_SEARCH_PATHS = (
					"$(inherited)",
					"@executable_path/Frameworks",
				);
				MARKETING_VERSION = 1.0;
				PRODUCT_BUNDLE_IDENTIFIER = com.deneroddev.NetflixClone;
				PRODUCT_NAME = "$(TARGET_NAME)";
				SWIFT_EMIT_LOC_STRINGS = YES;
				SWIFT_VERSION = 5.0;
				TARGETED_DEVICE_FAMILY = "1,2";
			};
			name = Release;
		};
/* End XCBuildConfiguration section */

/* Begin XCConfigurationList section */
		F1D8C3B928004266009DC92E /* Build configuration list for PBXProject "NetflixClone" */ = {
			isa = XCConfigurationList;
			buildConfigurations = (
				F1D8C3D028004268009DC92E /* Debug */,
				F1D8C3D128004268009DC92E /* Release */,
			);
			defaultConfigurationIsVisible = 0;
			defaultConfigurationName = Release;
		};
		F1D8C3D228004268009DC92E /* Build configuration list for PBXNativeTarget "NetflixClone" */ = {
			isa = XCConfigurationList;
			buildConfigurations = (
				F1D8C3D328004268009DC92E /* Debug */,
				F1D8C3D428004268009DC92E /* Release */,
			);
			defaultConfigurationIsVisible = 0;
			defaultConfigurationName = Release;
		};
/* End XCConfigurationList section */

/* Begin XCRemoteSwiftPackageReference section */
		F1182DF028182A0300E55E2F /* XCRemoteSwiftPackageReference "SDWebImage" */ = {
			isa = XCRemoteSwiftPackageReference;
			repositoryURL = "https://github.com/SDWebImage/SDWebImage.git";
			requirement = {
				kind = upToNextMajorVersion;
				minimumVersion = 5.0.0;
			};
		};
		F1182DF328182A1600E55E2F /* XCRemoteSwiftPackageReference "SDWebImage" */ = {
			isa = XCRemoteSwiftPackageReference;
			repositoryURL = "https://github.com/SDWebImage/SDWebImage.git";
			requirement = {
				branch = master;
				kind = branch;
			};
		};
/* End XCRemoteSwiftPackageReference section */

/* Begin XCSwiftPackageProductDependency section */
		F1182DF128182A0300E55E2F /* SDWebImage */ = {
			isa = XCSwiftPackageProductDependency;
			package = F1182DF028182A0300E55E2F /* XCRemoteSwiftPackageReference "SDWebImage" */;
			productName = SDWebImage;
		};
		F1182DF428182A1600E55E2F /* SDWebImage */ = {
			isa = XCSwiftPackageProductDependency;
			package = F1182DF328182A1600E55E2F /* XCRemoteSwiftPackageReference "SDWebImage" */;
			productName = SDWebImage;
		};
		F1182DF628182A1600E55E2F /* SDWebImageMapKit */ = {
			isa = XCSwiftPackageProductDependency;
			package = F1182DF328182A1600E55E2F /* XCRemoteSwiftPackageReference "SDWebImage" */;
			productName = SDWebImageMapKit;
		};
/* End XCSwiftPackageProductDependency section */
	};
	rootObject = F1D8C3B628004266009DC92E /* Project object */;
}
